
Microsoft Visual Studio Solution File, Format Version 12.00
# Visual Studio 15
VisualStudioVersion = 15.0.26403.7
MinimumVisualStudioVersion = 15.0.26124.0
Project("{FAE04EC0-301F-11D3-BF4B-00C04F79EFBC}") = "Light.DependencyInjection", "Light.DependencyInjection\Light.DependencyInjection.csproj", "{8F1A70C5-0BF3-4936-97CE-F935B3681825}"
EndProject
Project("{FAE04EC0-301F-11D3-BF4B-00C04F79EFBC}") = "Light.DependencyInjection.Tests", "Light.DependencyInjection.Tests\Light.DependencyInjection.Tests.csproj", "{1FB3F258-7FDE-4EA1-A26B-8ADF9BED9202}"
EndProject
Global
	GlobalSection(SolutionConfigurationPlatforms) = preSolution
		Debug|Any CPU = Debug|Any CPU
		Debug|x64 = Debug|x64
		Debug|x86 = Debug|x86
		Release|Any CPU = Release|Any CPU
		Release|x64 = Release|x64
		Release|x86 = Release|x86
	EndGlobalSection
	GlobalSection(ProjectConfigurationPlatforms) = postSolution
		{8F1A70C5-0BF3-4936-97CE-F935B3681825}.Debug|Any CPU.ActiveCfg = Debug|Any CPU
		{8F1A70C5-0BF3-4936-97CE-F935B3681825}.Debug|Any CPU.Build.0 = Debug|Any CPU
		{8F1A70C5-0BF3-4936-97CE-F935B3681825}.Debug|x64.ActiveCfg = Debug|Any CPU
		{8F1A70C5-0BF3-4936-97CE-F935B3681825}.Debug|x64.Build.0 = Debug|Any CPU
		{8F1A70C5-0BF3-4936-97CE-F935B3681825}.Debug|x86.ActiveCfg = Debug|Any CPU
		{8F1A70C5-0BF3-4936-97CE-F935B3681825}.Debug|x86.Build.0 = Debug|Any CPU
		{8F1A70C5-0BF3-4936-97CE-F935B3681825}.Release|Any CPU.ActiveCfg = Release|Any CPU
		{8F1A70C5-0BF3-4936-97CE-F935B3681825}.Release|Any CPU.Build.0 = Release|Any CPU
		{8F1A70C5-0BF3-4936-97CE-F935B3681825}.Release|x64.ActiveCfg = Release|Any CPU
		{8F1A70C5-0BF3-4936-97CE-F935B3681825}.Release|x64.Build.0 = Release|Any CPU
		{8F1A70C5-0BF3-4936-97CE-F935B3681825}.Release|x86.ActiveCfg = Release|Any CPU
		{8F1A70C5-0BF3-4936-97CE-F935B3681825}.Release|x86.Build.0 = Release|Any CPU
		{1FB3F258-7FDE-4EA1-A26B-8ADF9BED9202}.Debug|Any CPU.ActiveCfg = Debug|Any CPU
		{1FB3F258-7FDE-4EA1-A26B-8ADF9BED9202}.Debug|Any CPU.Build.0 = Debug|Any CPU
		{1FB3F258-7FDE-4EA1-A26B-8ADF9BED9202}.Debug|x64.ActiveCfg = Debug|Any CPU
		{1FB3F258-7FDE-4EA1-A26B-8ADF9BED9202}.Debug|x64.Build.0 = Debug|Any CPU
		{1FB3F258-7FDE-4EA1-A26B-8ADF9BED9202}.Debug|x86.ActiveCfg = Debug|Any CPU
		{1FB3F258-7FDE-4EA1-A26B-8ADF9BED9202}.Debug|x86.Build.0 = Debug|Any CPU
		{1FB3F258-7FDE-4EA1-A26B-8ADF9BED9202}.Release|Any CPU.ActiveCfg = Release|Any CPU
		{1FB3F258-7FDE-4EA1-A26B-8ADF9BED9202}.Release|Any CPU.Build.0 = Release|Any CPU
		{1FB3F258-7FDE-4EA1-A26B-8ADF9BED9202}.Release|x64.ActiveCfg = Release|Any CPU
		{1FB3F258-7FDE-4EA1-A26B-8ADF9BED9202}.Release|x64.Build.0 = Release|Any CPU
		{1FB3F258-7FDE-4EA1-A26B-8ADF9BED9202}.Release|x86.ActiveCfg = Release|Any CPU
		{1FB3F258-7FDE-4EA1-A26B-8ADF9BED9202}.Release|x86.Build.0 = Release|Any CPU
	EndGlobalSection
	GlobalSection(SolutionProperties) = preSolution
		HideSolutionNode = FALSE
	EndGlobalSection
EndGlobal
